// !$*UTF8*$!
{
	archiveVersion = 1;
	classes = {
	};
	objectVersion = 48;
	objects = {

/* Begin PBXBuildFile section */
		B577CA14743AA6062A8FF71A /* Pods_Dep.framework in Frameworks */ = {isa = PBXBuildFile; fileRef = FA5D401CA2AB0F79EFA795DE /* Pods_Dep.framework */; };
		B5F9C2E21EFD510F005C4529 /* AppDelegate.swift in Sources */ = {isa = PBXBuildFile; fileRef = B5F9C2E11EFD510F005C4529 /* AppDelegate.swift */; };
		B5F9C2E41EFD510F005C4529 /* ViewController.swift in Sources */ = {isa = PBXBuildFile; fileRef = B5F9C2E31EFD510F005C4529 /* ViewController.swift */; };
		B5F9C2E71EFD510F005C4529 /* Main.storyboard in Resources */ = {isa = PBXBuildFile; fileRef = B5F9C2E51EFD510F005C4529 /* Main.storyboard */; };
		B5F9C2E91EFD510F005C4529 /* Assets.xcassets in Resources */ = {isa = PBXBuildFile; fileRef = B5F9C2E81EFD510F005C4529 /* Assets.xcassets */; };
		B5F9C2EC1EFD510F005C4529 /* LaunchScreen.storyboard in Resources */ = {isa = PBXBuildFile; fileRef = B5F9C2EA1EFD510F005C4529 /* LaunchScreen.storyboard */; };
/* End PBXBuildFile section */

/* Begin PBXFileReference section */
		2CF7B9643932522CFB154070 /* Pods-Dep.debug.xcconfig */ = {isa = PBXFileReference; includeInIndex = 1; lastKnownFileType = text.xcconfig; name = "Pods-Dep.debug.xcconfig"; path = "Pods/Target Support Files/Pods-Dep/Pods-Dep.debug.xcconfig"; sourceTree = "<group>"; };
		741113E2476EA64389F525E4 /* Pods-Dep.release.xcconfig */ = {isa = PBXFileReference; includeInIndex = 1; lastKnownFileType = text.xcconfig; name = "Pods-Dep.release.xcconfig"; path = "Pods/Target Support Files/Pods-Dep/Pods-Dep.release.xcconfig"; sourceTree = "<group>"; };
		B5F9C2DE1EFD510F005C4529 /* Dep.app */ = {isa = PBXFileReference; explicitFileType = wrapper.application; includeInIndex = 0; path = Dep.app; sourceTree = BUILT_PRODUCTS_DIR; };
		B5F9C2E11EFD510F005C4529 /* AppDelegate.swift */ = {isa = PBXFileReference; lastKnownFileType = sourcecode.swift; path = AppDelegate.swift; sourceTree = "<group>"; };
		B5F9C2E31EFD510F005C4529 /* ViewController.swift */ = {isa = PBXFileReference; lastKnownFileType = sourcecode.swift; path = ViewController.swift; sourceTree = "<group>"; };
		B5F9C2E61EFD510F005C4529 /* Base */ = {isa = PBXFileReference; lastKnownFileType = file.storyboard; name = Base; path = Base.lproj/Main.storyboard; sourceTree = "<group>"; };
		B5F9C2E81EFD510F005C4529 /* Assets.xcassets */ = {isa = PBXFileReference; lastKnownFileType = folder.assetcatalog; path = Assets.xcassets; sourceTree = "<group>"; };
		B5F9C2EB1EFD510F005C4529 /* Base */ = {isa = PBXFileReference; lastKnownFileType = file.storyboard; name = Base; path = Base.lproj/LaunchScreen.storyboard; sourceTree = "<group>"; };
		B5F9C2ED1EFD5110005C4529 /* Info.plist */ = {isa = PBXFileReference; lastKnownFileType = text.plist.xml; path = Info.plist; sourceTree = "<group>"; };
		FA5D401CA2AB0F79EFA795DE /* Pods_Dep.framework */ = {isa = PBXFileReference; explicitFileType = wrapper.framework; includeInIndex = 0; path = Pods_Dep.framework; sourceTree = BUILT_PRODUCTS_DIR; };
/* End PBXFileReference section */

/* Begin PBXFrameworksBuildPhase section */
		B5F9C2DB1EFD510F005C4529 /* Frameworks */ = {
			isa = PBXFrameworksBuildPhase;
			buildActionMask = 2147483647;
			files = (
				B577CA14743AA6062A8FF71A /* Pods_Dep.framework in Frameworks */,
			);
			runOnlyForDeploymentPostprocessing = 0;
		};
/* End PBXFrameworksBuildPhase section */

/* Begin PBXGroup section */
		830212ADE95DADF345922D3D /* Pods */ = {
			isa = PBXGroup;
			children = (
				2CF7B9643932522CFB154070 /* Pods-Dep.debug.xcconfig */,
				741113E2476EA64389F525E4 /* Pods-Dep.release.xcconfig */,
			);
			name = Pods;
			sourceTree = "<group>";
		};
		B5F9C2D51EFD510F005C4529 = {
			isa = PBXGroup;
			children = (
				B5F9C2E01EFD510F005C4529 /* Dep */,
				B5F9C2DF1EFD510F005C4529 /* Products */,
				830212ADE95DADF345922D3D /* Pods */,
				DCD85BD22AF39757EAFF11F8 /* Frameworks */,
			);
			sourceTree = "<group>";
		};
		B5F9C2DF1EFD510F005C4529 /* Products */ = {
			isa = PBXGroup;
			children = (
				B5F9C2DE1EFD510F005C4529 /* Dep.app */,
			);
			name = Products;
			sourceTree = "<group>";
		};
		B5F9C2E01EFD510F005C4529 /* Dep */ = {
			isa = PBXGroup;
			children = (
				B5F9C2E11EFD510F005C4529 /* AppDelegate.swift */,
				B5F9C2E31EFD510F005C4529 /* ViewController.swift */,
				B5F9C2E51EFD510F005C4529 /* Main.storyboard */,
				B5F9C2E81EFD510F005C4529 /* Assets.xcassets */,
				B5F9C2EA1EFD510F005C4529 /* LaunchScreen.storyboard */,
				B5F9C2ED1EFD5110005C4529 /* Info.plist */,
			);
			path = Dep;
			sourceTree = "<group>";
		};
		DCD85BD22AF39757EAFF11F8 /* Frameworks */ = {
			isa = PBXGroup;
			children = (
				FA5D401CA2AB0F79EFA795DE /* Pods_Dep.framework */,
			);
			name = Frameworks;
			sourceTree = "<group>";
		};
/* End PBXGroup section */

/* Begin PBXNativeTarget section */
		B5F9C2DD1EFD510F005C4529 /* Dep */ = {
			isa = PBXNativeTarget;
			buildConfigurationList = B5F9C2F01EFD5110005C4529 /* Build configuration list for PBXNativeTarget "Dep" */;
			buildPhases = (
				2364B484F2C6DEEBDF7FA786 /* [CP] Check Pods Manifest.lock */,
				B5F9C2DA1EFD510F005C4529 /* Sources */,
				B5F9C2DB1EFD510F005C4529 /* Frameworks */,
				B5F9C2DC1EFD510F005C4529 /* Resources */,
				5010C6A75653779475E99494 /* [CP] Embed Pods Frameworks */,
				4AF5183F4DB95FED207F2669 /* [CP] Copy Pods Resources */,
			);
			buildRules = (
			);
			dependencies = (
			);
			name = Dep;
			productName = Dep;
			productReference = B5F9C2DE1EFD510F005C4529 /* Dep.app */;
			productType = "com.apple.product-type.application";
		};
/* End PBXNativeTarget section */

/* Begin PBXProject section */
		B5F9C2D61EFD510F005C4529 /* Project object */ = {
			isa = PBXProject;
			attributes = {
				LastSwiftUpdateCheck = 0900;
				LastUpgradeCheck = 0900;
				ORGANIZATIONNAME = Vader1359;
				TargetAttributes = {
					B5F9C2DD1EFD510F005C4529 = {
						CreatedOnToolsVersion = 9.0;
					};
				};
			};
			buildConfigurationList = B5F9C2D91EFD510F005C4529 /* Build configuration list for PBXProject "Dep" */;
			compatibilityVersion = "Xcode 8.0";
			developmentRegion = en;
			hasScannedForEncodings = 0;
			knownRegions = (
				en,
				Base,
			);
			mainGroup = B5F9C2D51EFD510F005C4529;
			productRefGroup = B5F9C2DF1EFD510F005C4529 /* Products */;
			projectDirPath = "";
			projectRoot = "";
			targets = (
				B5F9C2DD1EFD510F005C4529 /* Dep */,
			);
		};
/* End PBXProject section */

/* Begin PBXResourcesBuildPhase section */
		B5F9C2DC1EFD510F005C4529 /* Resources */ = {
			isa = PBXResourcesBuildPhase;
			buildActionMask = 2147483647;
			files = (
				B5F9C2EC1EFD510F005C4529 /* LaunchScreen.storyboard in Resources */,
				B5F9C2E91EFD510F005C4529 /* Assets.xcassets in Resources */,
				B5F9C2E71EFD510F005C4529 /* Main.storyboard in Resources */,
			);
			runOnlyForDeploymentPostprocessing = 0;
		};
/* End PBXResourcesBuildPhase section */

/* Begin PBXShellScriptBuildPhase section */
		2364B484F2C6DEEBDF7FA786 /* [CP] Check Pods Manifest.lock */ = {
			isa = PBXShellScriptBuildPhase;
			buildActionMask = 2147483647;
			files = (
			);
			inputPaths = (
			);
			name = "[CP] Check Pods Manifest.lock";
			outputPaths = (
			);
			runOnlyForDeploymentPostprocessing = 0;
			shellPath = /bin/sh;
			shellScript = "diff \"${PODS_PODFILE_DIR_PATH}/Podfile.lock\" \"${PODS_ROOT}/Manifest.lock\" > /dev/null\nif [ $? != 0 ] ; then\n    # print error to STDERR\n    echo \"error: The sandbox is not in sync with the Podfile.lock. Run 'pod install' or update your CocoaPods installation.\" >&2\n    exit 1\nfi\n";
			showEnvVarsInLog = 0;
		};
		4AF5183F4DB95FED207F2669 /* [CP] Copy Pods Resources */ = {
			isa = PBXShellScriptBuildPhase;
			buildActionMask = 2147483647;
			files = (
			);
			inputPaths = (
			);
			name = "[CP] Copy Pods Resources";
			outputPaths = (
			);
			runOnlyForDeploymentPostprocessing = 0;
			shellPath = /bin/sh;
			shellScript = "\"${SRCROOT}/Pods/Target Support Files/Pods-Dep/Pods-Dep-resources.sh\"\n";
			showEnvVarsInLog = 0;
		};
		5010C6A75653779475E99494 /* [CP] Embed Pods Frameworks */ = {
			isa = PBXShellScriptBuildPhase;
			buildActionMask = 2147483647;
			files = (
			);
			inputPaths = (
			);
			name = "[CP] Embed Pods Frameworks";
			outputPaths = (
			);
			runOnlyForDeploymentPostprocessing = 0;
			shellPath = /bin/sh;
			shellScript = "\"${SRCROOT}/Pods/Target Support Files/Pods-Dep/Pods-Dep-frameworks.sh\"\n";
			showEnvVarsInLog = 0;
		};
/* End PBXShellScriptBuildPhase section */

/* Begin PBXSourcesBuildPhase section */
		B5F9C2DA1EFD510F005C4529 /* Sources */ = {
			isa = PBXSourcesBuildPhase;
			buildActionMask = 2147483647;
			files = (
				B5F9C2E41EFD510F005C4529 /* ViewController.swift in Sources */,
				B5F9C2E21EFD510F005C4529 /* AppDelegate.swift in Sources */,
			);
			runOnlyForDeploymentPostprocessing = 0;
		};
/* End PBXSourcesBuildPhase section */

/* Begin PBXVariantGroup section */
		B5F9C2E51EFD510F005C4529 /* Main.storyboard */ = {
			isa = PBXVariantGroup;
			children = (
				B5F9C2E61EFD510F005C4529 /* Base */,
			);
			name = Main.storyboard;
			sourceTree = "<group>";
		};
		B5F9C2EA1EFD510F005C4529 /* LaunchScreen.storyboard */ = {
			isa = PBXVariantGroup;
			children = (
				B5F9C2EB1EFD510F005C4529 /* Base */,
			);
			name = LaunchScreen.storyboard;
			sourceTree = "<group>";
		};
/* End PBXVariantGroup section */

/* Begin XCBuildConfiguration section */
		B5F9C2EE1EFD5110005C4529 /* Debug */ = {
			isa = XCBuildConfiguration;
			buildSettings = {
				ALWAYS_SEARCH_USER_PATHS = NO;
				CLANG_ANALYZER_NONNULL = YES;
				CLANG_ANALYZER_NUMBER_OBJECT_CONVERSION = YES_AGGRESSIVE;
				CLANG_CXX_LANGUAGE_STANDARD = "gnu++14";
				CLANG_CXX_LIBRARY = "libc++";
				CLANG_ENABLE_MODULES = YES;
				CLANG_ENABLE_OBJC_ARC = YES;
				CLANG_WARN_BLOCK_CAPTURE_AUTORELEASING = YES;
				CLANG_WARN_BOOL_CONVERSION = YES;
				CLANG_WARN_COMMA = YES;
				CLANG_WARN_CONSTANT_CONVERSION = YES;
				CLANG_WARN_DIRECT_OBJC_ISA_USAGE = YES_ERROR;
				CLANG_WARN_DOCUMENTATION_COMMENTS = YES;
				CLANG_WARN_EMPTY_BODY = YES;
				CLANG_WARN_ENUM_CONVERSION = YES;
				CLANG_WARN_INFINITE_RECURSION = YES;
				CLANG_WARN_INT_CONVERSION = YES;
				CLANG_WARN_OBJC_ROOT_CLASS = YES_ERROR;
				CLANG_WARN_RANGE_LOOP_ANALYSIS = YES;
				CLANG_WARN_STRICT_PROTOTYPES = YES;
				CLANG_WARN_SUSPICIOUS_MOVE = YES;
				CLANG_WARN_UNGUARDED_AVAILABILITY = YES_AGGRESSIVE;
				CLANG_WARN_UNREACHABLE_CODE = YES;
				CLANG_WARN__DUPLICATE_METHOD_MATCH = YES;
				CODE_SIGN_IDENTITY = "iPhone Developer";
				COPY_PHASE_STRIP = NO;
				DEBUG_INFORMATION_FORMAT = dwarf;
				ENABLE_STRICT_OBJC_MSGSEND = YES;
				ENABLE_TESTABILITY = YES;
				GCC_C_LANGUAGE_STANDARD = gnu11;
				GCC_DYNAMIC_NO_PIC = NO;
				GCC_NO_COMMON_BLOCKS = YES;
				GCC_OPTIMIZATION_LEVEL = 0;
				GCC_PREPROCESSOR_DEFINITIONS = (
					"DEBUG=1",
					"$(inherited)",
				);
				GCC_WARN_64_TO_32_BIT_CONVERSION = YES;
				GCC_WARN_ABOUT_RETURN_TYPE = YES_ERROR;
				GCC_WARN_UNDECLARED_SELECTOR = YES;
				GCC_WARN_UNINITIALIZED_AUTOS = YES_AGGRESSIVE;
				GCC_WARN_UNUSED_FUNCTION = YES;
				GCC_WARN_UNUSED_VARIABLE = YES;
				IPHONEOS_DEPLOYMENT_TARGET = 11.0;
				MTL_ENABLE_DEBUG_INFO = YES;
				ONLY_ACTIVE_ARCH = YES;
				SDKROOT = iphoneos;
				SWIFT_ACTIVE_COMPILATION_CONDITIONS = DEBUG;
				SWIFT_OPTIMIZATION_LEVEL = "-Onone";
			};
			name = Debug;
		};
		B5F9C2EF1EFD5110005C4529 /* Release */ = {
			isa = XCBuildConfiguration;
			buildSettings = {
				ALWAYS_SEARCH_USER_PATHS = NO;
				CLANG_ANALYZER_NONNULL = YES;
				CLANG_ANALYZER_NUMBER_OBJECT_CONVERSION = YES_AGGRESSIVE;
				CLANG_CXX_LANGUAGE_STANDARD = "gnu++14";
				CLANG_CXX_LIBRARY = "libc++";
				CLANG_ENABLE_MODULES = YES;
				CLANG_ENABLE_OBJC_ARC = YES;
				CLANG_WARN_BLOCK_CAPTURE_AUTORELEASING = YES;
				CLANG_WARN_BOOL_CONVERSION = YES;
				CLANG_WARN_COMMA = YES;
				CLANG_WARN_CONSTANT_CONVERSION = YES;
				CLANG_WARN_DIRECT_OBJC_ISA_USAGE = YES_ERROR;
				CLANG_WARN_DOCUMENTATION_COMMENTS = YES;
				CLANG_WARN_EMPTY_BODY = YES;
				CLANG_WARN_ENUM_CONVERSION = YES;
				CLANG_WARN_INFINITE_RECURSION = YES;
				CLANG_WARN_INT_CONVERSION = YES;
				CLANG_WARN_OBJC_ROOT_CLASS = YES_ERROR;
				CLANG_WARN_RANGE_LOOP_ANALYSIS = YES;
				CLANG_WARN_STRICT_PROTOTYPES = YES;
				CLANG_WARN_SUSPICIOUS_MOVE = YES;
				CLANG_WARN_UNGUARDED_AVAILABILITY = YES_AGGRESSIVE;
				CLANG_WARN_UNREACHABLE_CODE = YES;
				CLANG_WARN__DUPLICATE_METHOD_MATCH = YES;
				CODE_SIGN_IDENTITY = "iPhone Developer";
				COPY_PHASE_STRIP = NO;
				DEBUG_INFORMATION_FORMAT = "dwarf-with-dsym";
				ENABLE_NS_ASSERTIONS = NO;
				ENABLE_STRICT_OBJC_MSGSEND = YES;
				GCC_C_LANGUAGE_STANDARD = gnu11;
				GCC_NO_COMMON_BLOCKS = YES;
				GCC_WARN_64_TO_32_BIT_CONVERSION = YES;
				GCC_WARN_ABOUT_RETURN_TYPE = YES_ERROR;
				GCC_WARN_UNDECLARED_SELECTOR = YES;
				GCC_WARN_UNINITIALIZED_AUTOS = YES_AGGRESSIVE;
				GCC_WARN_UNUSED_FUNCTION = YES;
				GCC_WARN_UNUSED_VARIABLE = YES;
				IPHONEOS_DEPLOYMENT_TARGET = 11.0;
				MTL_ENABLE_DEBUG_INFO = NO;
				SDKROOT = iphoneos;
				SWIFT_OPTIMIZATION_LEVEL = "-Owholemodule";
				VALIDATE_PRODUCT = YES;
			};
			name = Release;
		};
		B5F9C2F11EFD5110005C4529 /* Debug */ = {
			isa = XCBuildConfiguration;
			baseConfigurationReference = 2CF7B9643932522CFB154070 /* Pods-Dep.debug.xcconfig */;
			buildSettings = {
				ASSETCATALOG_COMPILER_APPICON_NAME = AppIcon;
				DEVELOPMENT_TEAM = U9M6882WKR;
				INFOPLIST_FILE = Dep/Info.plist;
				IPHONEOS_DEPLOYMENT_TARGET = 10.1;
				LD_RUNPATH_SEARCH_PATHS = "$(inherited) @executable_path/Frameworks";
				PRODUCT_BUNDLE_IDENTIFIER = vader1359.Dep;
				PRODUCT_NAME = "$(TARGET_NAME)";
				SWIFT_VERSION = 4.0;
				TARGETED_DEVICE_FAMILY = 1;
			};
			name = Debug;
		};
		B5F9C2F21EFD5110005C4529 /* Release */ = {
			isa = XCBuildConfiguration;
			baseConfigurationReference = 741113E2476EA64389F525E4 /* Pods-Dep.release.xcconfig */;
			buildSettings = {
				ASSETCATALOG_COMPILER_APPICON_NAME = AppIcon;
				DEVELOPMENT_TEAM = U9M6882WKR;
				INFOPLIST_FILE = Dep/Info.plist;
				IPHONEOS_DEPLOYMENT_TARGET = 10.1;
				LD_RUNPATH_SEARCH_PATHS = "$(inherited) @executable_path/Frameworks";
				PRODUCT_BUNDLE_IDENTIFIER = vader1359.Dep;
				PRODUCT_NAME = "$(TARGET_NAME)";
				SWIFT_VERSION = 4.0;
				TARGETED_DEVICE_FAMILY = 1;
			};
			name = Release;
		};
/* End XCBuildConfiguration section */

/* Begin XCConfigurationList section */
		B5F9C2D91EFD510F005C4529 /* Build configuration list for PBXProject "Dep" */ = {
			isa = XCConfigurationList;
			buildConfigurations = (
				B5F9C2EE1EFD5110005C4529 /* Debug */,
				B5F9C2EF1EFD5110005C4529 /* Release */,
			);
			defaultConfigurationIsVisible = 0;
			defaultConfigurationName = Release;
		};
		B5F9C2F01EFD5110005C4529 /* Build configuration list for PBXNativeTarget "Dep" */ = {
			isa = XCConfigurationList;
			buildConfigurations = (
				B5F9C2F11EFD5110005C4529 /* Debug */,
				B5F9C2F21EFD5110005C4529 /* Release */,
			);
			defaultConfigurationIsVisible = 0;
		};
/* End XCConfigurationList section */
	};
	rootObject = B5F9C2D61EFD510F005C4529 /* Project object */;
}
